
Microsoft Visual Studio Solution File, Format Version 10.00
# Visual Studio 2008
Project("{FAE04EC0-301F-11D3-BF4B-00C04F79EFBC}") = "core", "core\dbfit.csproj", "{8AB499E7-6D79-4155-958F-12A574F28298}"
EndProject
Project("{FAE04EC0-301F-11D3-BF4B-00C04F79EFBC}") = "sqlserver", "sqlserver\sqlserver.csproj", "{58364D1D-53E9-4B09-B8A3-EEB99E7C2F19}"
EndProject
Project("{FAE04EC0-301F-11D3-BF4B-00C04F79EFBC}") = "oracle", "oracle\oracle.csproj", "{53359E47-5B26-4863-9032-75AFBAA8B10E}"
EndProject
Project("{FAE04EC0-301F-11D3-BF4B-00C04F79EFBC}") = "db2", "db2\db2.csproj", "{647F0E7F-E9F1-49E0-AD28-F13E442CEDEA}"
EndProject
Global
	GlobalSection(SolutionConfigurationPlatforms) = preSolution
		Debug|Any CPU = Debug|Any CPU
		Release|Any CPU = Release|Any CPU
	EndGlobalSection
	GlobalSection(ProjectConfigurationPlatforms) = postSolution
		{8AB499E7-6D79-4155-958F-12A574F28298}.Debug|Any CPU.ActiveCfg = Debug|Any CPU
		{8AB499E7-6D79-4155-958F-12A574F28298}.Debug|Any CPU.Build.0 = Debug|Any CPU
		{8AB499E7-6D79-4155-958F-12A574F28298}.Release|Any CPU.ActiveCfg = Release|Any CPU
		{8AB499E7-6D79-4155-958F-12A574F28298}.Release|Any CPU.Build.0 = Release|Any CPU
		{58364D1D-53E9-4B09-B8A3-EEB99E7C2F19}.Debug|Any CPU.ActiveCfg = Debug|Any CPU
		{58364D1D-53E9-4B09-B8A3-EEB99E7C2F19}.Debug|Any CPU.Build.0 = Debug|Any CPU
		{58364D1D-53E9-4B09-B8A3-EEB99E7C2F19}.Release|Any CPU.ActiveCfg = Release|Any CPU
		{58364D1D-53E9-4B09-B8A3-EEB99E7C2F19}.Release|Any CPU.Build.0 = Release|Any CPU
		{53359E47-5B26-4863-9032-75AFBAA8B10E}.Debug|Any CPU.ActiveCfg = Debug|Any CPU
		{53359E47-5B26-4863-9032-75AFBAA8B10E}.Debug|Any CPU.Build.0 = Debug|Any CPU
		{53359E47-5B26-4863-9032-75AFBAA8B10E}.Release|Any CPU.ActiveCfg = Release|Any CPU
		{53359E47-5B26-4863-9032-75AFBAA8B10E}.Release|Any CPU.Build.0 = Release|Any CPU
		{647F0E7F-E9F1-49E0-AD28-F13E442CEDEA}.Debug|Any CPU.ActiveCfg = Debug|Any CPU
		{647F0E7F-E9F1-49E0-AD28-F13E442CEDEA}.Debug|Any CPU.Build.0 = Debug|Any CPU
		{647F0E7F-E9F1-49E0-AD28-F13E442CEDEA}.Release|Any CPU.ActiveCfg = Release|Any CPU
		{647F0E7F-E9F1-49E0-AD28-F13E442CEDEA}.Release|Any CPU.Build.0 = Release|Any CPU
	EndGlobalSection
	GlobalSection(SolutionProperties) = preSolution
		HideSolutionNode = FALSE
	EndGlobalSection
EndGlobal
