DEPENDENCIES
  dbfit_test
    path: vendor/cookbooks/dbfit_test

GRAPH
  apt (5.0.1)
    compat_resource (>= 12.16.3)
  build-essential (7.0.3)
    compat_resource (>= 12.16.3)
    mingw (>= 1.1)
    seven_zip (>= 0.0.0)
  compat_resource (12.16.3)
  database (6.1.1)
    postgresql (>= 1.0.0)
  dbfit_test (0.3.0)
    database (>= 0.0.0)
    firewalld (>= 0.0.0)
    git (>= 0.0.0)
    iptables (>= 0.0.0)
    java (>= 0.0.0)
    lvm (>= 0.0.0)
    mysql (~> 8.2)
    mysql2_chef_gem (>= 0.0.0)
    postgresql (>= 4.0.0)
    selinux (>= 0.0.0)
    swap (>= 0.0.0)
    yum-mysql-community (>= 0.0.0)
  dmg (3.0.0)
  firewalld (1.1.5)
  git (5.0.1)
    build-essential (>= 0.0.0)
    dmg (>= 0.0.0)
    yum-epel (>= 0.0.0)
  homebrew (3.0.0)
  iptables (3.0.1)
    compat_resource (>= 12.14.3)
  java (1.43.0)
    apt (>= 0.0.0)
    homebrew (>= 0.0.0)
    windows (>= 0.0.0)
  lvm (4.0.4)
  mariadb (0.3.3)
    apt (>= 0.0.0)
    yum (>= 0.0.0)
    yum-epel (>= 0.0.0)
  mingw (1.2.4)
    compat_resource (>= 0.0.0)
    seven_zip (>= 0.0.0)
  mysql (8.2.0)
  mysql2_chef_gem (1.1.0)
    build-essential (>= 0.0.0)
    mariadb (>= 0.0.0)
    mysql (>= 6.0)
  ohai (4.2.3)
    compat_resource (>= 12.14.7)
  openssl (6.0.0)
  postgresql (5.1.0)
    apt (>= 1.9.0)
    build-essential (>= 2.0.0)
    openssl (>= 4.0)
  selinux (0.9.0)
  seven_zip (2.0.2)
    windows (>= 1.2.2)
  swap (0.3.8)
  windows (2.1.1)
    ohai (>= 4.0.0)
  yum (4.1.0)
  yum-epel (2.1.0)
    compat_resource (>= 12.16.3)
  yum-mysql-community (2.0.3)
    compat_resource (>= 12.16.3)
