DEPENDENCIES
  dbfit_test
    path: vendor/cookbooks/dbfit_test

GRAPH
  build-essential (8.2.1)
    mingw (>= 1.1)
    seven_zip (>= 0.0.0)
  database (6.1.1)
    postgresql (>= 1.0.0)
  dbfit_test (0.3.0)
    database (>= 0.0.0)
    firewalld (>= 0.0.0)
    git (>= 0.0.0)
    iptables (>= 0.0.0)
    java (>= 0.0.0)
    lvm (>= 0.0.0)
    mysql (~> 8.2)
    mysql2_chef_gem (>= 0.0.0)
    postgresql (>= 4.0)
    selinux (>= 0.0.0)
    swap (>= 0.0.0)
    yum-mysql-community (>= 0.0.0)
  firewalld (1.2.1)
  git (10.0.0)
  iptables (7.1.0)
  java (8.3.0)
    line (>= 0.0.0)
  line (2.9.0)
  lvm (5.0.2)
  mariadb (4.0.1)
    selinux_policy (~> 2.0)
  mingw (2.1.1)
    seven_zip (>= 0.0.0)
  mysql (8.7.3)
  mysql2_chef_gem (2.1.0)
    build-essential (>= 2.4.0)
    mariadb (>= 0.0.0)
    mysql (>= 8.2.0)
  ohai (5.3.0)
  postgresql (7.1.9)
  selinux (3.0.1)
  selinux_policy (2.4.1)
  seven_zip (3.1.2)
    windows (>= 0.0.0)
  swap (2.2.2)
    sysctl (>= 1.0)
  sysctl (1.1.0)
    ohai (>= 5.0)
  windows (7.0.0)
  yum-mysql-community (4.1.1)
