DEPENDENCIES
  dbfit_test
    path: vendor/cookbooks/dbfit_test

GRAPH
  apt (6.1.4)
  build-essential (8.0.3)
    mingw (>= 1.1)
    seven_zip (>= 0.0.0)
  compat_resource (12.19.0)
  database (6.1.1)
    postgresql (>= 1.0.0)
  dbfit_test (0.3.0)
    database (>= 0.0.0)
    firewalld (>= 0.0.0)
    git (>= 0.0.0)
    iptables (>= 0.0.0)
    java (>= 0.0.0)
    lvm (>= 0.0.0)
    mysql (~> 8.2)
    mysql2_chef_gem (>= 0.0.0)
    postgresql (>= 4.0.0)
    selinux (>= 0.0.0)
    swap (>= 0.0.0)
    yum-mysql-community (>= 0.0.0)
  firewalld (1.1.5)
  git (8.0.0)
    build-essential (>= 0.0.0)
    homebrew (>= 0.0.0)
  homebrew (4.2.0)
  inifile_chef_gem (0.1.0)
    build-essential (>= 0.0.0)
  iptables (4.3.1)
  java (1.50.0)
    apt (>= 0.0.0)
    homebrew (>= 0.0.0)
    windows (>= 0.0.0)
  lvm (4.1.10)
  mariadb (1.5.3)
    apt (>= 0.0.0)
    build-essential (>= 0.0.0)
    selinux_policy (~> 2.0)
    yum (>= 0.0.0)
    yum-epel (>= 0.0.0)
    yum-scl (>= 0.0.0)
  mingw (2.0.1)
    seven_zip (>= 0.0.0)
  mysql (8.5.1)
  mysql2_chef_gem (2.1.0)
    build-essential (>= 2.4.0)
    mariadb (>= 0.0.0)
    mysql (>= 8.2.0)
  ohai (5.2.0)
  openssl (7.1.0)
  postgresql (6.1.1)
    build-essential (>= 2.0.0)
    compat_resource (>= 12.16.3)
    openssl (>= 4.0)
  selinux (2.1.0)
  selinux_policy (2.0.1)
    compat_resource (>= 12.16.3)
  seven_zip (2.0.2)
    windows (>= 1.2.2)
  swap (2.1.0)
    sysctl (>= 0.0.0)
  sysctl (0.10.2)
    ohai (>= 4.0)
  windows (3.4.0)
    ohai (>= 4.0.0)
  yum (5.1.0)
  yum-epel (2.1.2)
    compat_resource (>= 12.16.3)
  yum-mysql-community (2.1.0)
    compat_resource (>= 12.16.3)
  yum-scl (0.2.0)
    inifile_chef_gem (>= 0.0.0)
    yum (>= 0.0.0)
