SITE
  remote: http://community.opscode.com/api/v1
  specs:
    apt (2.7.0)
    build-essential (2.2.2)
    chef-sugar (3.1.0)
    chef_handler (1.1.6)
    dmg (2.2.2)
    git (4.1.0)
      build-essential (>= 0.0.0)
      dmg (>= 0.0.0)
      runit (>= 1.0)
      windows (>= 0.0.0)
      yum (~> 3.0)
      yum-epel (>= 0.0.0)
    java (1.31.0)
    mariadb (0.3.0)
      apt (>= 0.0.0)
      yum (>= 0.0.0)
      yum-epel (>= 0.0.0)
    mysql (6.0.21)
      smf (>= 0.0.0)
      yum-mysql-community (>= 0.0.0)
    mysql2_chef_gem (1.0.1)
      build-essential (>= 0.0.0)
      mariadb (>= 0.0.0)
      mysql (>= 0.0.0)
    openssl (4.0.0)
      chef-sugar (>= 0.0.0)
    postgresql (3.4.18)
      apt (>= 1.9.0)
      build-essential (>= 0.0.0)
      openssl (~> 4.0.0)
    rbac (1.0.3)
    runit (1.5.18)
      build-essential (>= 0.0.0)
      yum (~> 3.0)
      yum-epel (>= 0.0.0)
    smf (2.2.6)
      rbac (>= 1.0.1)
    swap (0.3.8)
    windows (1.36.6)
      chef_handler (>= 0.0.0)
    yum (3.5.4)
    yum-epel (0.6.0)
      yum (~> 3.0)
    yum-mysql-community (0.1.17)
      yum (>= 3.0)

GIT
  remote: https://github.com/dbfit/database
  ref: master
  sha: a9a8627c2aea466f4ecd9911d755648dd85fdf28
  specs:
    database (4.0.5)
      postgresql (>= 1.0.0)

PATH
  remote: vendor/cookbooks/dbfit_test
  specs:
    dbfit_test (0.2.0)
      database (>= 0.0.0)
      git (>= 0.0.0)
      java (>= 0.0.0)
      mysql (>= 0.0.0)
      mysql2_chef_gem (>= 0.0.0)
      postgresql (>= 0.0.0)
      swap (>= 0.0.0)

DEPENDENCIES
  database (>= 0)
  dbfit_test (>= 0)

